
Microsoft Visual Studio Solution File, Format Version 12.00
# Visual Studio Version 17
VisualStudioVersion = 17.10.35122.118
MinimumVisualStudioVersion = 10.0.40219.1
Project("{FAE04EC0-301F-11D3-BF4B-00C04F79EFBC}") = "UnitTest", "UnitTest\UnitTest.csproj", "{D1C84FE8-82CF-48D8-824D-6BDA223919E0}"
EndProject
Project("{FAE04EC0-301F-11D3-BF4B-00C04F79EFBC}") = "TestUnitTest", "TestUnitTest\TestUnitTest.csproj", "{A111E839-E5E0-44FD-A241-38E56287BBD1}"
EndProject
Global
	GlobalSection(SolutionConfigurationPlatforms) = preSolution
		Debug|Any CPU = Debug|Any CPU
		Release|Any CPU = Release|Any CPU
	EndGlobalSection
	GlobalSection(ProjectConfigurationPlatforms) = postSolution
		{D1C84FE8-82CF-48D8-824D-6BDA223919E0}.Debug|Any CPU.ActiveCfg = Debug|Any CPU
		{D1C84FE8-82CF-48D8-824D-6BDA223919E0}.Debug|Any CPU.Build.0 = Debug|Any CPU
		{D1C84FE8-82CF-48D8-824D-6BDA223919E0}.Release|Any CPU.ActiveCfg = Release|Any CPU
		{D1C84FE8-82CF-48D8-824D-6BDA223919E0}.Release|Any CPU.Build.0 = Release|Any CPU
		{A111E839-E5E0-44FD-A241-38E56287BBD1}.Debug|Any CPU.ActiveCfg = Debug|Any CPU
		{A111E839-E5E0-44FD-A241-38E56287BBD1}.Debug|Any CPU.Build.0 = Debug|Any CPU
		{A111E839-E5E0-44FD-A241-38E56287BBD1}.Release|Any CPU.ActiveCfg = Release|Any CPU
		{A111E839-E5E0-44FD-A241-38E56287BBD1}.Release|Any CPU.Build.0 = Release|Any CPU
	EndGlobalSection
	GlobalSection(SolutionProperties) = preSolution
		HideSolutionNode = FALSE
	EndGlobalSection
	GlobalSection(ExtensibilityGlobals) = postSolution
		SolutionGuid = {C899781C-8C53-46B3-9F70-1F0FE7C14D60}
	EndGlobalSection
EndGlobal
